
Microsoft Visual Studio Solution File, Format Version 12.00
# Visual Studio Version 16
VisualStudioVersion = 16.0.31112.23
MinimumVisualStudioVersion = 10.0.40219.1
Project("{FAE04EC0-301F-11D3-BF4B-00C04F79EFBC}") = "PR_3.4_Surgai", "PR_3.4_Surgai\PR_3.4_Surgai.csproj", "{1704BB95-2B9D-4359-9F9D-8FB501DA6792}"
EndProject
Global
	GlobalSection(SolutionConfigurationPlatforms) = preSolution
		Debug|Any CPU = Debug|Any CPU
		Release|Any CPU = Release|Any CPU
	EndGlobalSection
	GlobalSection(ProjectConfigurationPlatforms) = postSolution
		{1704BB95-2B9D-4359-9F9D-8FB501DA6792}.Debug|Any CPU.ActiveCfg = Debug|Any CPU
		{1704BB95-2B9D-4359-9F9D-8FB501DA6792}.Debug|Any CPU.Build.0 = Debug|Any CPU
		{1704BB95-2B9D-4359-9F9D-8FB501DA6792}.Release|Any CPU.ActiveCfg = Release|Any CPU
		{1704BB95-2B9D-4359-9F9D-8FB501DA6792}.Release|Any CPU.Build.0 = Release|Any CPU
	EndGlobalSection
	GlobalSection(SolutionProperties) = preSolution
		HideSolutionNode = FALSE
	EndGlobalSection
	GlobalSection(ExtensibilityGlobals) = postSolution
		SolutionGuid = {83F298FC-61F6-46A3-9036-70021BCB21B0}
	EndGlobalSection
EndGlobal
